
Microsoft Visual Studio Solution File, Format Version 12.00
# Visual Studio Version 16
VisualStudioVersion = 16.0.33423.256
MinimumVisualStudioVersion = 10.0.40219.1
Project("{FAE04EC0-301F-11D3-BF4B-00C04F79EFBC}") = "ConsoleApp9", "ConsoleApp9\ConsoleApp9.csproj", "{B186CEC3-F972-40E4-91D3-942A4CBB4EE9}"
EndProject
Global
	GlobalSection(SolutionConfigurationPlatforms) = preSolution
		Debug|Any CPU = Debug|Any CPU
		Release|Any CPU = Release|Any CPU
	EndGlobalSection
	GlobalSection(ProjectConfigurationPlatforms) = postSolution
		{B186CEC3-F972-40E4-91D3-942A4CBB4EE9}.Debug|Any CPU.ActiveCfg = Debug|Any CPU
		{B186CEC3-F972-40E4-91D3-942A4CBB4EE9}.Debug|Any CPU.Build.0 = Debug|Any CPU
		{B186CEC3-F972-40E4-91D3-942A4CBB4EE9}.Release|Any CPU.ActiveCfg = Release|Any CPU
		{B186CEC3-F972-40E4-91D3-942A4CBB4EE9}.Release|Any CPU.Build.0 = Release|Any CPU
	EndGlobalSection
	GlobalSection(SolutionProperties) = preSolution
		HideSolutionNode = FALSE
	EndGlobalSection
	GlobalSection(ExtensibilityGlobals) = postSolution
		SolutionGuid = {22057E0A-061D-4D67-B956-D87919580E0C}
	EndGlobalSection
EndGlobal
